
Microsoft Visual Studio Solution File, Format Version 12.00
# Visual Studio Version 16
VisualStudioVersion = 16.0.30011.22
MinimumVisualStudioVersion = 10.0.40219.1
Project("{2150E333-8FDC-42A3-9474-1A3956D46DE8}") = "src", "src", "{60925507-38E1-4014-97EE-3BEC9D531364}"
EndProject
Project("{2150E333-8FDC-42A3-9474-1A3956D46DE8}") = "Building Blocks", "Building Blocks", "{D82BD676-8736-4C5D-84EC-C521FA87583C}"
EndProject
Project("{2150E333-8FDC-42A3-9474-1A3956D46DE8}") = "Services", "Services", "{C9C02B58-3683-4D3B-94DD-4FF423B7F645}"
EndProject
Project("{2150E333-8FDC-42A3-9474-1A3956D46DE8}") = "Web", "Web", "{8B82B0E4-E23B-42F7-B558-390FDB30DA02}"
EndProject
Project("{2150E333-8FDC-42A3-9474-1A3956D46DE8}") = "Identidade", "Identidade", "{A9C7A0BD-169D-4927-9BC6-EF9DDA2B29A6}"
EndProject
Project("{9A19103F-16F7-4668-BE54-9A1E7A4F7556}") = "NSE.Identidade.API", "src\services\NSE.Identidade.API\NSE.Identidade.API.csproj", "{BF462AAE-826A-4003-96E4-01DA2268BAEF}"
EndProject
Project("{2150E333-8FDC-42A3-9474-1A3956D46DE8}") = "MVC", "MVC", "{14BB2BF1-BC18-4C27-89B4-78198853D03A}"
EndProject
Project("{9A19103F-16F7-4668-BE54-9A1E7A4F7556}") = "NSE.WebApp.MVC", "src\web\NSE.WebApp.MVC\NSE.WebApp.MVC.csproj", "{2F0DC50C-AEA4-4009-BD0E-58E462FA6DB2}"
EndProject
Project("{2150E333-8FDC-42A3-9474-1A3956D46DE8}") = "Core", "Core", "{923372FD-F266-46AB-AEC5-8592856F9315}"
EndProject
Project("{9A19103F-16F7-4668-BE54-9A1E7A4F7556}") = "NSE.Core", "src\building blocks\NSE.Core\NSE.Core.csproj", "{20FB5BA2-5586-466E-BF49-8A39B173353E}"
EndProject
Project("{2150E333-8FDC-42A3-9474-1A3956D46DE8}") = "Carrinho", "Carrinho", "{7491FDF1-346D-4981-BDB8-E954F09CD24B}"
EndProject
Project("{2150E333-8FDC-42A3-9474-1A3956D46DE8}") = "Catalogo", "Catalogo", "{09EDD4FD-1C3B-4B64-93C9-34DFF7CC0737}"
EndProject
Project("{2150E333-8FDC-42A3-9474-1A3956D46DE8}") = "Cliente", "Cliente", "{CB66ACE5-2626-4378-AED6-39EBD8284DC7}"
EndProject
Project("{2150E333-8FDC-42A3-9474-1A3956D46DE8}") = "Pagamento", "Pagamento", "{AEC452C8-9FB2-4E62-B3EF-00F46B255FB7}"
EndProject
Project("{2150E333-8FDC-42A3-9474-1A3956D46DE8}") = "Pedido", "Pedido", "{B51FEC6B-2188-4BF4-9456-9FD467A03F44}"
EndProject
Project("{9A19103F-16F7-4668-BE54-9A1E7A4F7556}") = "NSE.Catalogo.API", "src\services\NSE.Catalogo.API\NSE.Catalogo.API.csproj", "{E325C37E-7F27-4229-8047-28385BF9F30A}"
EndProject
Project("{9A19103F-16F7-4668-BE54-9A1E7A4F7556}") = "NSE.Clientes.API", "src\services\NSE.Cliente.API\NSE.Clientes.API.csproj", "{6F226EB8-E8E4-42D0-AB18-C7115276E3C3}"
EndProject
Project("{9A19103F-16F7-4668-BE54-9A1E7A4F7556}") = "NSE.Pagamento.API", "src\services\NSE.Pagamento.API\NSE.Pagamento.API.csproj", "{38FD9C59-1411-4780-B2CE-D1FA6466EC31}"
EndProject
Project("{9A19103F-16F7-4668-BE54-9A1E7A4F7556}") = "NSE.Pedidos.API", "src\services\NSE.Pedido.API\NSE.Pedidos.API.csproj", "{81719368-820A-4AB8-8795-5B3FC9045E1E}"
EndProject
Project("{2150E333-8FDC-42A3-9474-1A3956D46DE8}") = "Services", "Services", "{93A30183-1DEF-4E1A-A280-96D452A2DB60}"
EndProject
Project("{9A19103F-16F7-4668-BE54-9A1E7A4F7556}") = "NSE.WepAPI.Core", "src\building blocks\NFE.WepAPI.Core\NSE.WepAPI.Core.csproj", "{EFE9838F-BA1C-4FD7-92B4-D3F0694071C4}"
EndProject
Project("{2150E333-8FDC-42A3-9474-1A3956D46DE8}") = "MessageBus", "MessageBus", "{E8AD0832-17FE-4467-8611-4A6CC98EB621}"
EndProject
Project("{9A19103F-16F7-4668-BE54-9A1E7A4F7556}") = "NSE.MessageBus", "src\building blocks\NSE.MessageBus\NSE.MessageBus.csproj", "{9435AF35-0897-46F1-9894-B5CBEC48A977}"
EndProject
Project("{9A19103F-16F7-4668-BE54-9A1E7A4F7556}") = "NSE.Carrinho.API", "src\services\NSE.Carrinho.API\NSE.Carrinho.API.csproj", "{8A6E91C6-5E7A-4F2F-926C-07DD3BBE0C5F}"
EndProject
Project("{2150E333-8FDC-42A3-9474-1A3956D46DE8}") = "ApiGateways", "ApiGateways", "{08852039-AA3A-4F4D-B820-35D4D14FE763}"
EndProject
Project("{2150E333-8FDC-42A3-9474-1A3956D46DE8}") = "Compras", "Compras", "{5EDCC2A2-141D-4DFD-A16C-1DD925ED4D82}"
EndProject
Project("{9A19103F-16F7-4668-BE54-9A1E7A4F7556}") = "NSE.Bff.Compras", "src\api gateways\NSE.Bff.Compras\NSE.Bff.Compras.csproj", "{16251E59-5CF8-4569-BC95-7425EDE9412D}"
EndProject
Project("{9A19103F-16F7-4668-BE54-9A1E7A4F7556}") = "NSE.Pedidos.Domain", "src\services\NSE.Pedidos.Domain\NSE.Pedidos.Domain.csproj", "{43C0ECF8-C042-4D91-8462-57C9D57C2FFC}"
EndProject
Project("{9A19103F-16F7-4668-BE54-9A1E7A4F7556}") = "NSE.Pedidos.Infra", "src\services\NSE.Pedidos.Infra\NSE.Pedidos.Infra.csproj", "{800D8747-7565-46D7-8FB1-588089DCE4AB}"
EndProject
Global
	GlobalSection(SolutionConfigurationPlatforms) = preSolution
		Debug|Any CPU = Debug|Any CPU
		Release|Any CPU = Release|Any CPU
	EndGlobalSection
	GlobalSection(ProjectConfigurationPlatforms) = postSolution
		{BF462AAE-826A-4003-96E4-01DA2268BAEF}.Debug|Any CPU.ActiveCfg = Debug|Any CPU
		{BF462AAE-826A-4003-96E4-01DA2268BAEF}.Debug|Any CPU.Build.0 = Debug|Any CPU
		{BF462AAE-826A-4003-96E4-01DA2268BAEF}.Release|Any CPU.ActiveCfg = Release|Any CPU
		{BF462AAE-826A-4003-96E4-01DA2268BAEF}.Release|Any CPU.Build.0 = Release|Any CPU
		{2F0DC50C-AEA4-4009-BD0E-58E462FA6DB2}.Debug|Any CPU.ActiveCfg = Debug|Any CPU
		{2F0DC50C-AEA4-4009-BD0E-58E462FA6DB2}.Debug|Any CPU.Build.0 = Debug|Any CPU
		{2F0DC50C-AEA4-4009-BD0E-58E462FA6DB2}.Release|Any CPU.ActiveCfg = Release|Any CPU
		{2F0DC50C-AEA4-4009-BD0E-58E462FA6DB2}.Release|Any CPU.Build.0 = Release|Any CPU
		{20FB5BA2-5586-466E-BF49-8A39B173353E}.Debug|Any CPU.ActiveCfg = Debug|Any CPU
		{20FB5BA2-5586-466E-BF49-8A39B173353E}.Debug|Any CPU.Build.0 = Debug|Any CPU
		{20FB5BA2-5586-466E-BF49-8A39B173353E}.Release|Any CPU.ActiveCfg = Release|Any CPU
		{20FB5BA2-5586-466E-BF49-8A39B173353E}.Release|Any CPU.Build.0 = Release|Any CPU
		{E325C37E-7F27-4229-8047-28385BF9F30A}.Debug|Any CPU.ActiveCfg = Debug|Any CPU
		{E325C37E-7F27-4229-8047-28385BF9F30A}.Debug|Any CPU.Build.0 = Debug|Any CPU
		{E325C37E-7F27-4229-8047-28385BF9F30A}.Release|Any CPU.ActiveCfg = Release|Any CPU
		{E325C37E-7F27-4229-8047-28385BF9F30A}.Release|Any CPU.Build.0 = Release|Any CPU
		{6F226EB8-E8E4-42D0-AB18-C7115276E3C3}.Debug|Any CPU.ActiveCfg = Debug|Any CPU
		{6F226EB8-E8E4-42D0-AB18-C7115276E3C3}.Debug|Any CPU.Build.0 = Debug|Any CPU
		{6F226EB8-E8E4-42D0-AB18-C7115276E3C3}.Release|Any CPU.ActiveCfg = Release|Any CPU
		{6F226EB8-E8E4-42D0-AB18-C7115276E3C3}.Release|Any CPU.Build.0 = Release|Any CPU
		{38FD9C59-1411-4780-B2CE-D1FA6466EC31}.Debug|Any CPU.ActiveCfg = Debug|Any CPU
		{38FD9C59-1411-4780-B2CE-D1FA6466EC31}.Debug|Any CPU.Build.0 = Debug|Any CPU
		{38FD9C59-1411-4780-B2CE-D1FA6466EC31}.Release|Any CPU.ActiveCfg = Release|Any CPU
		{38FD9C59-1411-4780-B2CE-D1FA6466EC31}.Release|Any CPU.Build.0 = Release|Any CPU
		{81719368-820A-4AB8-8795-5B3FC9045E1E}.Debug|Any CPU.ActiveCfg = Debug|Any CPU
		{81719368-820A-4AB8-8795-5B3FC9045E1E}.Debug|Any CPU.Build.0 = Debug|Any CPU
		{81719368-820A-4AB8-8795-5B3FC9045E1E}.Release|Any CPU.ActiveCfg = Release|Any CPU
		{81719368-820A-4AB8-8795-5B3FC9045E1E}.Release|Any CPU.Build.0 = Release|Any CPU
		{EFE9838F-BA1C-4FD7-92B4-D3F0694071C4}.Debug|Any CPU.ActiveCfg = Debug|Any CPU
		{EFE9838F-BA1C-4FD7-92B4-D3F0694071C4}.Debug|Any CPU.Build.0 = Debug|Any CPU
		{EFE9838F-BA1C-4FD7-92B4-D3F0694071C4}.Release|Any CPU.ActiveCfg = Release|Any CPU
		{EFE9838F-BA1C-4FD7-92B4-D3F0694071C4}.Release|Any CPU.Build.0 = Release|Any CPU
		{9435AF35-0897-46F1-9894-B5CBEC48A977}.Debug|Any CPU.ActiveCfg = Debug|Any CPU
		{9435AF35-0897-46F1-9894-B5CBEC48A977}.Debug|Any CPU.Build.0 = Debug|Any CPU
		{9435AF35-0897-46F1-9894-B5CBEC48A977}.Release|Any CPU.ActiveCfg = Release|Any CPU
		{9435AF35-0897-46F1-9894-B5CBEC48A977}.Release|Any CPU.Build.0 = Release|Any CPU
		{8A6E91C6-5E7A-4F2F-926C-07DD3BBE0C5F}.Debug|Any CPU.ActiveCfg = Debug|Any CPU
		{8A6E91C6-5E7A-4F2F-926C-07DD3BBE0C5F}.Debug|Any CPU.Build.0 = Debug|Any CPU
		{8A6E91C6-5E7A-4F2F-926C-07DD3BBE0C5F}.Release|Any CPU.ActiveCfg = Release|Any CPU
		{8A6E91C6-5E7A-4F2F-926C-07DD3BBE0C5F}.Release|Any CPU.Build.0 = Release|Any CPU
		{16251E59-5CF8-4569-BC95-7425EDE9412D}.Debug|Any CPU.ActiveCfg = Debug|Any CPU
		{16251E59-5CF8-4569-BC95-7425EDE9412D}.Debug|Any CPU.Build.0 = Debug|Any CPU
		{16251E59-5CF8-4569-BC95-7425EDE9412D}.Release|Any CPU.ActiveCfg = Release|Any CPU
		{16251E59-5CF8-4569-BC95-7425EDE9412D}.Release|Any CPU.Build.0 = Release|Any CPU
		{43C0ECF8-C042-4D91-8462-57C9D57C2FFC}.Debug|Any CPU.ActiveCfg = Debug|Any CPU
		{43C0ECF8-C042-4D91-8462-57C9D57C2FFC}.Debug|Any CPU.Build.0 = Debug|Any CPU
		{43C0ECF8-C042-4D91-8462-57C9D57C2FFC}.Release|Any CPU.ActiveCfg = Release|Any CPU
		{43C0ECF8-C042-4D91-8462-57C9D57C2FFC}.Release|Any CPU.Build.0 = Release|Any CPU
		{800D8747-7565-46D7-8FB1-588089DCE4AB}.Debug|Any CPU.ActiveCfg = Debug|Any CPU
		{800D8747-7565-46D7-8FB1-588089DCE4AB}.Debug|Any CPU.Build.0 = Debug|Any CPU
		{800D8747-7565-46D7-8FB1-588089DCE4AB}.Release|Any CPU.ActiveCfg = Release|Any CPU
		{800D8747-7565-46D7-8FB1-588089DCE4AB}.Release|Any CPU.Build.0 = Release|Any CPU
	EndGlobalSection
	GlobalSection(SolutionProperties) = preSolution
		HideSolutionNode = FALSE
	EndGlobalSection
	GlobalSection(NestedProjects) = preSolution
		{D82BD676-8736-4C5D-84EC-C521FA87583C} = {60925507-38E1-4014-97EE-3BEC9D531364}
		{C9C02B58-3683-4D3B-94DD-4FF423B7F645} = {60925507-38E1-4014-97EE-3BEC9D531364}
		{8B82B0E4-E23B-42F7-B558-390FDB30DA02} = {60925507-38E1-4014-97EE-3BEC9D531364}
		{A9C7A0BD-169D-4927-9BC6-EF9DDA2B29A6} = {C9C02B58-3683-4D3B-94DD-4FF423B7F645}
		{BF462AAE-826A-4003-96E4-01DA2268BAEF} = {A9C7A0BD-169D-4927-9BC6-EF9DDA2B29A6}
		{14BB2BF1-BC18-4C27-89B4-78198853D03A} = {8B82B0E4-E23B-42F7-B558-390FDB30DA02}
		{2F0DC50C-AEA4-4009-BD0E-58E462FA6DB2} = {14BB2BF1-BC18-4C27-89B4-78198853D03A}
		{923372FD-F266-46AB-AEC5-8592856F9315} = {D82BD676-8736-4C5D-84EC-C521FA87583C}
		{20FB5BA2-5586-466E-BF49-8A39B173353E} = {923372FD-F266-46AB-AEC5-8592856F9315}
		{7491FDF1-346D-4981-BDB8-E954F09CD24B} = {C9C02B58-3683-4D3B-94DD-4FF423B7F645}
		{09EDD4FD-1C3B-4B64-93C9-34DFF7CC0737} = {C9C02B58-3683-4D3B-94DD-4FF423B7F645}
		{CB66ACE5-2626-4378-AED6-39EBD8284DC7} = {C9C02B58-3683-4D3B-94DD-4FF423B7F645}
		{AEC452C8-9FB2-4E62-B3EF-00F46B255FB7} = {C9C02B58-3683-4D3B-94DD-4FF423B7F645}
		{B51FEC6B-2188-4BF4-9456-9FD467A03F44} = {C9C02B58-3683-4D3B-94DD-4FF423B7F645}
		{E325C37E-7F27-4229-8047-28385BF9F30A} = {09EDD4FD-1C3B-4B64-93C9-34DFF7CC0737}
		{6F226EB8-E8E4-42D0-AB18-C7115276E3C3} = {CB66ACE5-2626-4378-AED6-39EBD8284DC7}
		{38FD9C59-1411-4780-B2CE-D1FA6466EC31} = {AEC452C8-9FB2-4E62-B3EF-00F46B255FB7}
		{81719368-820A-4AB8-8795-5B3FC9045E1E} = {B51FEC6B-2188-4BF4-9456-9FD467A03F44}
		{93A30183-1DEF-4E1A-A280-96D452A2DB60} = {D82BD676-8736-4C5D-84EC-C521FA87583C}
		{EFE9838F-BA1C-4FD7-92B4-D3F0694071C4} = {93A30183-1DEF-4E1A-A280-96D452A2DB60}
		{E8AD0832-17FE-4467-8611-4A6CC98EB621} = {D82BD676-8736-4C5D-84EC-C521FA87583C}
		{9435AF35-0897-46F1-9894-B5CBEC48A977} = {E8AD0832-17FE-4467-8611-4A6CC98EB621}
		{8A6E91C6-5E7A-4F2F-926C-07DD3BBE0C5F} = {7491FDF1-346D-4981-BDB8-E954F09CD24B}
		{08852039-AA3A-4F4D-B820-35D4D14FE763} = {60925507-38E1-4014-97EE-3BEC9D531364}
		{5EDCC2A2-141D-4DFD-A16C-1DD925ED4D82} = {08852039-AA3A-4F4D-B820-35D4D14FE763}
		{16251E59-5CF8-4569-BC95-7425EDE9412D} = {5EDCC2A2-141D-4DFD-A16C-1DD925ED4D82}
		{43C0ECF8-C042-4D91-8462-57C9D57C2FFC} = {B51FEC6B-2188-4BF4-9456-9FD467A03F44}
		{800D8747-7565-46D7-8FB1-588089DCE4AB} = {B51FEC6B-2188-4BF4-9456-9FD467A03F44}
	EndGlobalSection
	GlobalSection(ExtensibilityGlobals) = postSolution
		SolutionGuid = {D0F2BC78-CE4B-4773-A57A-E59FAA280355}
	EndGlobalSection
EndGlobal
